
Microsoft Visual Studio Solution File, Format Version 12.00
# Visual Studio Version 16
VisualStudioVersion = 16.0.31729.503
MinimumVisualStudioVersion = 10.0.40219.1
Project("{9A19103F-16F7-4668-BE54-9A1E7A4F7556}") = "FTPUploadService", "FTPUploadService\FTPUploadService.csproj", "{06A45F01-AA1B-419D-BE07-F9E442D49599}"
EndProject
Project("{FAE04EC0-301F-11D3-BF4B-00C04F79EFBC}") = "FTPServer", "FTPServer\FTPServer.csproj", "{376EC64E-81FE-4866-9C78-C2803424DDA6}"
EndProject
Project("{FAE04EC0-301F-11D3-BF4B-00C04F79EFBC}") = "DataGeneration", "DataGeneration\DataGeneration.csproj", "{A21122C7-6A85-4610-8338-798E6544EFA4}"
EndProject
Project("{FAE04EC0-301F-11D3-BF4B-00C04F79EFBC}") = "FileComparation", "FileComparation\FileComparation.csproj", "{05007EBA-6FE7-4AFD-B90C-A5E7BCBD6F63}"
EndProject
Project("{FAE04EC0-301F-11D3-BF4B-00C04F79EFBC}") = "ServerTests", "ServerTests\ServerTests.csproj", "{0C79CA5C-B97D-424F-9230-A8B6E44C557A}"
EndProject
Project("{FAE04EC0-301F-11D3-BF4B-00C04F79EFBC}") = "MyPath", "MyPath\MyPath.csproj", "{E135CD88-DCFA-4346-ABCC-3BA62540BD48}"
EndProject
Project("{FAE04EC0-301F-11D3-BF4B-00C04F79EFBC}") = "MyLogger", "MyLogger\MyLogger.csproj", "{F4FA05BB-128B-44E5-8590-F8016F911820}"
EndProject
Global
	GlobalSection(SolutionConfigurationPlatforms) = preSolution
		Debug|Any CPU = Debug|Any CPU
		Release|Any CPU = Release|Any CPU
	EndGlobalSection
	GlobalSection(ProjectConfigurationPlatforms) = postSolution
		{06A45F01-AA1B-419D-BE07-F9E442D49599}.Debug|Any CPU.ActiveCfg = Debug|Any CPU
		{06A45F01-AA1B-419D-BE07-F9E442D49599}.Debug|Any CPU.Build.0 = Debug|Any CPU
		{06A45F01-AA1B-419D-BE07-F9E442D49599}.Release|Any CPU.ActiveCfg = Release|Any CPU
		{06A45F01-AA1B-419D-BE07-F9E442D49599}.Release|Any CPU.Build.0 = Release|Any CPU
		{376EC64E-81FE-4866-9C78-C2803424DDA6}.Debug|Any CPU.ActiveCfg = Debug|Any CPU
		{376EC64E-81FE-4866-9C78-C2803424DDA6}.Debug|Any CPU.Build.0 = Debug|Any CPU
		{376EC64E-81FE-4866-9C78-C2803424DDA6}.Release|Any CPU.ActiveCfg = Release|Any CPU
		{376EC64E-81FE-4866-9C78-C2803424DDA6}.Release|Any CPU.Build.0 = Release|Any CPU
		{A21122C7-6A85-4610-8338-798E6544EFA4}.Debug|Any CPU.ActiveCfg = Debug|Any CPU
		{A21122C7-6A85-4610-8338-798E6544EFA4}.Debug|Any CPU.Build.0 = Debug|Any CPU
		{A21122C7-6A85-4610-8338-798E6544EFA4}.Release|Any CPU.ActiveCfg = Release|Any CPU
		{A21122C7-6A85-4610-8338-798E6544EFA4}.Release|Any CPU.Build.0 = Release|Any CPU
		{05007EBA-6FE7-4AFD-B90C-A5E7BCBD6F63}.Debug|Any CPU.ActiveCfg = Debug|Any CPU
		{05007EBA-6FE7-4AFD-B90C-A5E7BCBD6F63}.Debug|Any CPU.Build.0 = Debug|Any CPU
		{05007EBA-6FE7-4AFD-B90C-A5E7BCBD6F63}.Release|Any CPU.ActiveCfg = Release|Any CPU
		{05007EBA-6FE7-4AFD-B90C-A5E7BCBD6F63}.Release|Any CPU.Build.0 = Release|Any CPU
		{0C79CA5C-B97D-424F-9230-A8B6E44C557A}.Debug|Any CPU.ActiveCfg = Debug|Any CPU
		{0C79CA5C-B97D-424F-9230-A8B6E44C557A}.Debug|Any CPU.Build.0 = Debug|Any CPU
		{0C79CA5C-B97D-424F-9230-A8B6E44C557A}.Release|Any CPU.ActiveCfg = Release|Any CPU
		{0C79CA5C-B97D-424F-9230-A8B6E44C557A}.Release|Any CPU.Build.0 = Release|Any CPU
		{E135CD88-DCFA-4346-ABCC-3BA62540BD48}.Debug|Any CPU.ActiveCfg = Debug|Any CPU
		{E135CD88-DCFA-4346-ABCC-3BA62540BD48}.Debug|Any CPU.Build.0 = Debug|Any CPU
		{E135CD88-DCFA-4346-ABCC-3BA62540BD48}.Release|Any CPU.ActiveCfg = Release|Any CPU
		{E135CD88-DCFA-4346-ABCC-3BA62540BD48}.Release|Any CPU.Build.0 = Release|Any CPU
		{F4FA05BB-128B-44E5-8590-F8016F911820}.Debug|Any CPU.ActiveCfg = Debug|Any CPU
		{F4FA05BB-128B-44E5-8590-F8016F911820}.Debug|Any CPU.Build.0 = Debug|Any CPU
		{F4FA05BB-128B-44E5-8590-F8016F911820}.Release|Any CPU.ActiveCfg = Release|Any CPU
		{F4FA05BB-128B-44E5-8590-F8016F911820}.Release|Any CPU.Build.0 = Release|Any CPU
	EndGlobalSection
	GlobalSection(SolutionProperties) = preSolution
		HideSolutionNode = FALSE
	EndGlobalSection
	GlobalSection(ExtensibilityGlobals) = postSolution
		SolutionGuid = {62E4A3F1-925E-40CE-8C46-ECC49CFC3A55}
	EndGlobalSection
EndGlobal
